PODS:
  - Alamofire (4.5.1)
  - GoogleMaps/Base (2.4.0)
  - GooglePlaces (2.4.0):
    - GoogleMaps/Base (= 2.4.0)
  - Kingfisher (3.12.2)
  - Permission/Core (2.0.4)
  - Permission/Location (2.0.4):
    - Permission/Core
  - SwiftyJSON (3.0.0)

DEPENDENCIES:
  - Alamofire
  - GooglePlaces
  - Kingfisher (~> 3.0)
  - Permission/Location
  - SwiftyJSON (from `https://github.com/appsailor/SwiftyJSON`, branch `swift3`)

EXTERNAL SOURCES:
  SwiftyJSON:
    :branch: swift3
    :git: https://github.com/appsailor/SwiftyJSON

CHECKOUT OPTIONS:
  SwiftyJSON:
    :commit: de73429b38b8994f614fb27c5ec094bb8a4833f2
    :git: https://github.com/appsailor/SwiftyJSON

SPEC CHECKSUMS:
  Alamofire: 2d95912bf4c34f164fdfc335872e8c312acaea4a
  GoogleMaps: 8436ab5d1c25e36915b2f7416d0c8e3fa2e76c61
  GooglePlaces: aafe5990fa7951e98e078761bbdaaf236d7e0c65
  Kingfisher: 320626678acadfcf47008b3c6841cd882050737b
  Permission: 6853b9694e66a6c9197468c66d1935c3629cbf9c
  SwiftyJSON: f57b2b44bc166617372d1c70773591fe9f0f5fd4

PODFILE CHECKSUM: 67ed3921c6de42970def7a848a1ebad6571a8714

COCOAPODS: 1.0.1
